
Microsoft Visual Studio Solution File, Format Version 12.00
# Visual Studio 15
VisualStudioVersion = 15.0.27703.2018
MinimumVisualStudioVersion = 10.0.40219.1
Project("{FAE04EC0-301F-11D3-BF4B-00C04F79EFBC}") = "PoorManDI", "PoorManDI\PoorManDI.csproj", "{D40AD0D3-8D4D-453C-B38D-23D651CAC57C}"
EndProject
Global
	GlobalSection(SolutionConfigurationPlatforms) = preSolution
		Debug|Any CPU = Debug|Any CPU
		Release|Any CPU = Release|Any CPU
	EndGlobalSection
	GlobalSection(ProjectConfigurationPlatforms) = postSolution
		{D40AD0D3-8D4D-453C-B38D-23D651CAC57C}.Debug|Any CPU.ActiveCfg = Debug|Any CPU
		{D40AD0D3-8D4D-453C-B38D-23D651CAC57C}.Debug|Any CPU.Build.0 = Debug|Any CPU
		{D40AD0D3-8D4D-453C-B38D-23D651CAC57C}.Release|Any CPU.ActiveCfg = Release|Any CPU
		{D40AD0D3-8D4D-453C-B38D-23D651CAC57C}.Release|Any CPU.Build.0 = Release|Any CPU
	EndGlobalSection
	GlobalSection(SolutionProperties) = preSolution
		HideSolutionNode = FALSE
	EndGlobalSection
	GlobalSection(ExtensibilityGlobals) = postSolution
		SolutionGuid = {38A33941-3F6F-46BB-8F70-F00B85909F61}
	EndGlobalSection
EndGlobal
