
Microsoft Visual Studio Solution File, Format Version 12.00
# Visual Studio 15
VisualStudioVersion = 15.0.27703.2042
MinimumVisualStudioVersion = 10.0.40219.1
Project("{9A19103F-16F7-4668-BE54-9A1E7A4F7556}") = "DependencyInjectionSample", "DependencyInjectionSample.csproj", "{CF92DA8C-CE61-4079-A138-B513BE42F715}"
EndProject
Global
	GlobalSection(SolutionConfigurationPlatforms) = preSolution
		Debug|Any CPU = Debug|Any CPU
		Release|Any CPU = Release|Any CPU
	EndGlobalSection
	GlobalSection(ProjectConfigurationPlatforms) = postSolution
		{CF92DA8C-CE61-4079-A138-B513BE42F715}.Debug|Any CPU.ActiveCfg = Debug|Any CPU
		{CF92DA8C-CE61-4079-A138-B513BE42F715}.Debug|Any CPU.Build.0 = Debug|Any CPU
		{CF92DA8C-CE61-4079-A138-B513BE42F715}.Release|Any CPU.ActiveCfg = Release|Any CPU
		{CF92DA8C-CE61-4079-A138-B513BE42F715}.Release|Any CPU.Build.0 = Release|Any CPU
	EndGlobalSection
	GlobalSection(SolutionProperties) = preSolution
		HideSolutionNode = FALSE
	EndGlobalSection
	GlobalSection(ExtensibilityGlobals) = postSolution
		SolutionGuid = {4181CF98-4ECC-4EE0-8102-B36569C6A424}
	EndGlobalSection
EndGlobal
