
Microsoft Visual Studio Solution File, Format Version 12.00
# Visual Studio 15
VisualStudioVersion = 15.0.27703.2018
MinimumVisualStudioVersion = 10.0.40219.1
Project("{FAE04EC0-301F-11D3-BF4B-00C04F79EFBC}") = "DeepResolve", "DeepResolve\DeepResolve.csproj", "{3FD72E56-1942-4B98-BED9-485D0A6B11C8}"
EndProject
Global
	GlobalSection(SolutionConfigurationPlatforms) = preSolution
		Debug|Any CPU = Debug|Any CPU
		Release|Any CPU = Release|Any CPU
	EndGlobalSection
	GlobalSection(ProjectConfigurationPlatforms) = postSolution
		{3FD72E56-1942-4B98-BED9-485D0A6B11C8}.Debug|Any CPU.ActiveCfg = Debug|Any CPU
		{3FD72E56-1942-4B98-BED9-485D0A6B11C8}.Debug|Any CPU.Build.0 = Debug|Any CPU
		{3FD72E56-1942-4B98-BED9-485D0A6B11C8}.Release|Any CPU.ActiveCfg = Release|Any CPU
		{3FD72E56-1942-4B98-BED9-485D0A6B11C8}.Release|Any CPU.Build.0 = Release|Any CPU
	EndGlobalSection
	GlobalSection(SolutionProperties) = preSolution
		HideSolutionNode = FALSE
	EndGlobalSection
	GlobalSection(ExtensibilityGlobals) = postSolution
		SolutionGuid = {905DD27D-8210-4B77-931A-9C04C5CF8B5C}
	EndGlobalSection
EndGlobal
