
Microsoft Visual Studio Solution File, Format Version 12.00
# Visual Studio 15
VisualStudioVersion = 15.0.27703.2018
MinimumVisualStudioVersion = 10.0.40219.1
Project("{FAE04EC0-301F-11D3-BF4B-00C04F79EFBC}") = "FirstUnity", "FirstUnity\FirstUnity.csproj", "{BB1DBF35-B84B-4FCD-9A21-C88D00AD4935}"
EndProject
Global
	GlobalSection(SolutionConfigurationPlatforms) = preSolution
		Debug|Any CPU = Debug|Any CPU
		Release|Any CPU = Release|Any CPU
	EndGlobalSection
	GlobalSection(ProjectConfigurationPlatforms) = postSolution
		{BB1DBF35-B84B-4FCD-9A21-C88D00AD4935}.Debug|Any CPU.ActiveCfg = Debug|Any CPU
		{BB1DBF35-B84B-4FCD-9A21-C88D00AD4935}.Debug|Any CPU.Build.0 = Debug|Any CPU
		{BB1DBF35-B84B-4FCD-9A21-C88D00AD4935}.Release|Any CPU.ActiveCfg = Release|Any CPU
		{BB1DBF35-B84B-4FCD-9A21-C88D00AD4935}.Release|Any CPU.Build.0 = Release|Any CPU
	EndGlobalSection
	GlobalSection(SolutionProperties) = preSolution
		HideSolutionNode = FALSE
	EndGlobalSection
	GlobalSection(ExtensibilityGlobals) = postSolution
		SolutionGuid = {824AF270-9A18-4960-A71C-5BE4236E47E4}
	EndGlobalSection
EndGlobal
