
Microsoft Visual Studio Solution File, Format Version 12.00
# Visual Studio 15
VisualStudioVersion = 15.0.27703.2018
MinimumVisualStudioVersion = 10.0.40219.1
Project("{FAE04EC0-301F-11D3-BF4B-00C04F79EFBC}") = "FirstStructureMap", "FirstStructureMap\FirstStructureMap.csproj", "{8D2B029F-7853-40B5-9829-411C698C9BF8}"
EndProject
Global
	GlobalSection(SolutionConfigurationPlatforms) = preSolution
		Debug|Any CPU = Debug|Any CPU
		Release|Any CPU = Release|Any CPU
	EndGlobalSection
	GlobalSection(ProjectConfigurationPlatforms) = postSolution
		{8D2B029F-7853-40B5-9829-411C698C9BF8}.Debug|Any CPU.ActiveCfg = Debug|Any CPU
		{8D2B029F-7853-40B5-9829-411C698C9BF8}.Debug|Any CPU.Build.0 = Debug|Any CPU
		{8D2B029F-7853-40B5-9829-411C698C9BF8}.Release|Any CPU.ActiveCfg = Release|Any CPU
		{8D2B029F-7853-40B5-9829-411C698C9BF8}.Release|Any CPU.Build.0 = Release|Any CPU
	EndGlobalSection
	GlobalSection(SolutionProperties) = preSolution
		HideSolutionNode = FALSE
	EndGlobalSection
	GlobalSection(ExtensibilityGlobals) = postSolution
		SolutionGuid = {C00F57AC-C94D-4A66-8A04-FC1791850947}
	EndGlobalSection
EndGlobal
